
Microsoft Visual Studio Solution File, Format Version 12.00
# Visual Studio Version 17
VisualStudioVersion = 17.0.31903.59
MinimumVisualStudioVersion = 10.0.40219.1
Project("{FAE04EC0-301F-11D3-BF4B-00C04F79EFBC}") = "MoneyExtension", "MoneyExtension\MoneyExtension.csproj", "{2672AB76-AEC0-491B-B322-F0B293582FDC}"
EndProject
Project("{FAE04EC0-301F-11D3-BF4B-00C04F79EFBC}") = "MoneyExtension.Test", "MoneyExtension.Test\MoneyExtension.Test.csproj", "{7688DA68-4834-433C-B5F5-0696D507F455}"
EndProject
Global
	GlobalSection(SolutionConfigurationPlatforms) = preSolution
		Debug|Any CPU = Debug|Any CPU
		Release|Any CPU = Release|Any CPU
	EndGlobalSection
	GlobalSection(SolutionProperties) = preSolution
		HideSolutionNode = FALSE
	EndGlobalSection
	GlobalSection(ProjectConfigurationPlatforms) = postSolution
		{2672AB76-AEC0-491B-B322-F0B293582FDC}.Debug|Any CPU.ActiveCfg = Debug|Any CPU
		{2672AB76-AEC0-491B-B322-F0B293582FDC}.Debug|Any CPU.Build.0 = Debug|Any CPU
		{2672AB76-AEC0-491B-B322-F0B293582FDC}.Release|Any CPU.ActiveCfg = Release|Any CPU
		{2672AB76-AEC0-491B-B322-F0B293582FDC}.Release|Any CPU.Build.0 = Release|Any CPU
		{7688DA68-4834-433C-B5F5-0696D507F455}.Debug|Any CPU.ActiveCfg = Debug|Any CPU
		{7688DA68-4834-433C-B5F5-0696D507F455}.Debug|Any CPU.Build.0 = Debug|Any CPU
		{7688DA68-4834-433C-B5F5-0696D507F455}.Release|Any CPU.ActiveCfg = Release|Any CPU
		{7688DA68-4834-433C-B5F5-0696D507F455}.Release|Any CPU.Build.0 = Release|Any CPU
	EndGlobalSection
EndGlobal
